// !$*UTF8*$!
{
	archiveVersion = 1;
	classes = {
	};
	objectVersion = 56;
	objects = {

/* Begin PBXBuildFile section */
		CE33B79F2AFD35FB003DD7F0 /* AppDelegate.swift in Sources */ = {isa = PBXBuildFile; fileRef = CE33B79E2AFD35FB003DD7F0 /* AppDelegate.swift */; };
		CE33B7A12AFD35FB003DD7F0 /* SceneDelegate.swift in Sources */ = {isa = PBXBuildFile; fileRef = CE33B7A02AFD35FB003DD7F0 /* SceneDelegate.swift */; };
		CE33B7A32AFD35FB003DD7F0 /* ViewController.swift in Sources */ = {isa = PBXBuildFile; fileRef = CE33B7A22AFD35FB003DD7F0 /* ViewController.swift */; };
		CE33B7A62AFD35FB003DD7F0 /* Main.storyboard in Resources */ = {isa = PBXBuildFile; fileRef = CE33B7A42AFD35FB003DD7F0 /* Main.storyboard */; };
		CE33B7A82AFD35FC003DD7F0 /* Assets.xcassets in Resources */ = {isa = PBXBuildFile; fileRef = CE33B7A72AFD35FC003DD7F0 /* Assets.xcassets */; };
		CE33B7AB2AFD35FC003DD7F0 /* LaunchScreen.storyboard in Resources */ = {isa = PBXBuildFile; fileRef = CE33B7A92AFD35FC003DD7F0 /* LaunchScreen.storyboard */; };
		CE33B7B42AFD3612003DD7F0 /* Payment.swift in Sources */ = {isa = PBXBuildFile; fileRef = CE33B7B32AFD3612003DD7F0 /* Payment.swift */; };
		CE33B7B92AFD36FA003DD7F0 /* GooglePayment.swift in Sources */ = {isa = PBXBuildFile; fileRef = CE33B7B82AFD36FA003DD7F0 /* GooglePayment.swift */; };
		CE33B7BB2AFD3706003DD7F0 /* CreditCardPayment.swift in Sources */ = {isa = PBXBuildFile; fileRef = CE33B7BA2AFD3706003DD7F0 /* CreditCardPayment.swift */; };
		CE33B7BD2AFD3711003DD7F0 /* DebitCardPayment.swift in Sources */ = {isa = PBXBuildFile; fileRef = CE33B7BC2AFD3711003DD7F0 /* DebitCardPayment.swift */; };
		CE33B7BF2AFD3720003DD7F0 /* PaypalPayment.swift in Sources */ = {isa = PBXBuildFile; fileRef = CE33B7BE2AFD3720003DD7F0 /* PaypalPayment.swift */; };
		CE33B7C12AFD38DC003DD7F0 /* TypePayment.swift in Sources */ = {isa = PBXBuildFile; fileRef = CE33B7C02AFD38DC003DD7F0 /* TypePayment.swift */; };
		CE33B7C32AFD3922003DD7F0 /* PaymentFactory.swift in Sources */ = {isa = PBXBuildFile; fileRef = CE33B7C22AFD3922003DD7F0 /* PaymentFactory.swift */; };
/* End PBXBuildFile section */

/* Begin PBXFileReference section */
		CE33B79B2AFD35FB003DD7F0 /* DesignPatters.app */ = {isa = PBXFileReference; explicitFileType = wrapper.application; includeInIndex = 0; path = DesignPatters.app; sourceTree = BUILT_PRODUCTS_DIR; };
		CE33B79E2AFD35FB003DD7F0 /* AppDelegate.swift */ = {isa = PBXFileReference; lastKnownFileType = sourcecode.swift; path = AppDelegate.swift; sourceTree = "<group>"; };
		CE33B7A02AFD35FB003DD7F0 /* SceneDelegate.swift */ = {isa = PBXFileReference; lastKnownFileType = sourcecode.swift; path = SceneDelegate.swift; sourceTree = "<group>"; };
		CE33B7A22AFD35FB003DD7F0 /* ViewController.swift */ = {isa = PBXFileReference; lastKnownFileType = sourcecode.swift; path = ViewController.swift; sourceTree = "<group>"; };
		CE33B7A52AFD35FB003DD7F0 /* Base */ = {isa = PBXFileReference; lastKnownFileType = file.storyboard; name = Base; path = Base.lproj/Main.storyboard; sourceTree = "<group>"; };
		CE33B7A72AFD35FC003DD7F0 /* Assets.xcassets */ = {isa = PBXFileReference; lastKnownFileType = folder.assetcatalog; path = Assets.xcassets; sourceTree = "<group>"; };
		CE33B7AA2AFD35FC003DD7F0 /* Base */ = {isa = PBXFileReference; lastKnownFileType = file.storyboard; name = Base; path = Base.lproj/LaunchScreen.storyboard; sourceTree = "<group>"; };
		CE33B7AC2AFD35FC003DD7F0 /* Info.plist */ = {isa = PBXFileReference; lastKnownFileType = text.plist.xml; path = Info.plist; sourceTree = "<group>"; };
		CE33B7B32AFD3612003DD7F0 /* Payment.swift */ = {isa = PBXFileReference; lastKnownFileType = sourcecode.swift; path = Payment.swift; sourceTree = "<group>"; };
		CE33B7B82AFD36FA003DD7F0 /* GooglePayment.swift */ = {isa = PBXFileReference; lastKnownFileType = sourcecode.swift; path = GooglePayment.swift; sourceTree = "<group>"; };
		CE33B7BA2AFD3706003DD7F0 /* CreditCardPayment.swift */ = {isa = PBXFileReference; lastKnownFileType = sourcecode.swift; path = CreditCardPayment.swift; sourceTree = "<group>"; };
		CE33B7BC2AFD3711003DD7F0 /* DebitCardPayment.swift */ = {isa = PBXFileReference; lastKnownFileType = sourcecode.swift; path = DebitCardPayment.swift; sourceTree = "<group>"; };
		CE33B7BE2AFD3720003DD7F0 /* PaypalPayment.swift */ = {isa = PBXFileReference; lastKnownFileType = sourcecode.swift; path = PaypalPayment.swift; sourceTree = "<group>"; };
		CE33B7C02AFD38DC003DD7F0 /* TypePayment.swift */ = {isa = PBXFileReference; lastKnownFileType = sourcecode.swift; path = TypePayment.swift; sourceTree = "<group>"; };
		CE33B7C22AFD3922003DD7F0 /* PaymentFactory.swift */ = {isa = PBXFileReference; lastKnownFileType = sourcecode.swift; path = PaymentFactory.swift; sourceTree = "<group>"; };
/* End PBXFileReference section */

/* Begin PBXFrameworksBuildPhase section */
		CE33B7982AFD35FB003DD7F0 /* Frameworks */ = {
			isa = PBXFrameworksBuildPhase;
			buildActionMask = 2147483647;
			files = (
			);
			runOnlyForDeploymentPostprocessing = 0;
		};
/* End PBXFrameworksBuildPhase section */

/* Begin PBXGroup section */
		CE33B7922AFD35FB003DD7F0 = {
			isa = PBXGroup;
			children = (
				CE33B79D2AFD35FB003DD7F0 /* DesignPatters */,
				CE33B79C2AFD35FB003DD7F0 /* Products */,
			);
			sourceTree = "<group>";
		};
		CE33B79C2AFD35FB003DD7F0 /* Products */ = {
			isa = PBXGroup;
			children = (
				CE33B79B2AFD35FB003DD7F0 /* DesignPatters.app */,
			);
			name = Products;
			sourceTree = "<group>";
		};
		CE33B79D2AFD35FB003DD7F0 /* DesignPatters */ = {
			isa = PBXGroup;
			children = (
				CE33B7B22AFD3604003DD7F0 /* FactoryMethod */,
				CE33B79E2AFD35FB003DD7F0 /* AppDelegate.swift */,
				CE33B7A22AFD35FB003DD7F0 /* ViewController.swift */,
				CE33B7A02AFD35FB003DD7F0 /* SceneDelegate.swift */,
				CE33B7A42AFD35FB003DD7F0 /* Main.storyboard */,
				CE33B7A72AFD35FC003DD7F0 /* Assets.xcassets */,
				CE33B7A92AFD35FC003DD7F0 /* LaunchScreen.storyboard */,
				CE33B7AC2AFD35FC003DD7F0 /* Info.plist */,
			);
			path = DesignPatters;
			sourceTree = "<group>";
		};
		CE33B7B22AFD3604003DD7F0 /* FactoryMethod */ = {
			isa = PBXGroup;
			children = (
				CE33B7C42AFD3DAC003DD7F0 /* Creator */,
				CE33B7B72AFD36CA003DD7F0 /* Type */,
				CE33B7B52AFD36AD003DD7F0 /* ProductSuperClass */,
				CE33B7B62AFD36B8003DD7F0 /* ProductsSubClasses */,
			);
			path = FactoryMethod;
			sourceTree = "<group>";
		};
		CE33B7B52AFD36AD003DD7F0 /* ProductSuperClass */ = {
			isa = PBXGroup;
			children = (
				CE33B7B32AFD3612003DD7F0 /* Payment.swift */,
			);
			path = ProductSuperClass;
			sourceTree = "<group>";
		};
		CE33B7B62AFD36B8003DD7F0 /* ProductsSubClasses */ = {
			isa = PBXGroup;
			children = (
				CE33B7B82AFD36FA003DD7F0 /* GooglePayment.swift */,
				CE33B7BA2AFD3706003DD7F0 /* CreditCardPayment.swift */,
				CE33B7BC2AFD3711003DD7F0 /* DebitCardPayment.swift */,
				CE33B7BE2AFD3720003DD7F0 /* PaypalPayment.swift */,
			);
			path = ProductsSubClasses;
			sourceTree = "<group>";
		};
		CE33B7B72AFD36CA003DD7F0 /* Type */ = {
			isa = PBXGroup;
			children = (
				CE33B7C02AFD38DC003DD7F0 /* TypePayment.swift */,
			);
			path = Type;
			sourceTree = "<group>";
		};
		CE33B7C42AFD3DAC003DD7F0 /* Creator */ = {
			isa = PBXGroup;
			children = (
				CE33B7C22AFD3922003DD7F0 /* PaymentFactory.swift */,
			);
			path = Creator;
			sourceTree = "<group>";
		};
/* End PBXGroup section */

/* Begin PBXNativeTarget section */
		CE33B79A2AFD35FB003DD7F0 /* DesignPatters */ = {
			isa = PBXNativeTarget;
			buildConfigurationList = CE33B7AF2AFD35FC003DD7F0 /* Build configuration list for PBXNativeTarget "DesignPatters" */;
			buildPhases = (
				CE33B7972AFD35FB003DD7F0 /* Sources */,
				CE33B7982AFD35FB003DD7F0 /* Frameworks */,
				CE33B7992AFD35FB003DD7F0 /* Resources */,
			);
			buildRules = (
			);
			dependencies = (
			);
			name = DesignPatters;
			productName = DesignPatters;
			productReference = CE33B79B2AFD35FB003DD7F0 /* DesignPatters.app */;
			productType = "com.apple.product-type.application";
		};
/* End PBXNativeTarget section */

/* Begin PBXProject section */
		CE33B7932AFD35FB003DD7F0 /* Project object */ = {
			isa = PBXProject;
			attributes = {
				BuildIndependentTargetsInParallel = 1;
				LastSwiftUpdateCheck = 1500;
				LastUpgradeCheck = 1500;
				TargetAttributes = {
					CE33B79A2AFD35FB003DD7F0 = {
						CreatedOnToolsVersion = 15.0.1;
					};
				};
			};
			buildConfigurationList = CE33B7962AFD35FB003DD7F0 /* Build configuration list for PBXProject "DesignPatters" */;
			compatibilityVersion = "Xcode 14.0";
			developmentRegion = en;
			hasScannedForEncodings = 0;
			knownRegions = (
				en,
				Base,
			);
			mainGroup = CE33B7922AFD35FB003DD7F0;
			productRefGroup = CE33B79C2AFD35FB003DD7F0 /* Products */;
			projectDirPath = "";
			projectRoot = "";
			targets = (
				CE33B79A2AFD35FB003DD7F0 /* DesignPatters */,
			);
		};
/* End PBXProject section */

/* Begin PBXResourcesBuildPhase section */
		CE33B7992AFD35FB003DD7F0 /* Resources */ = {
			isa = PBXResourcesBuildPhase;
			buildActionMask = 2147483647;
			files = (
				CE33B7AB2AFD35FC003DD7F0 /* LaunchScreen.storyboard in Resources */,
				CE33B7A82AFD35FC003DD7F0 /* Assets.xcassets in Resources */,
				CE33B7A62AFD35FB003DD7F0 /* Main.storyboard in Resources */,
			);
			runOnlyForDeploymentPostprocessing = 0;
		};
/* End PBXResourcesBuildPhase section */

/* Begin PBXSourcesBuildPhase section */
		CE33B7972AFD35FB003DD7F0 /* Sources */ = {
			isa = PBXSourcesBuildPhase;
			buildActionMask = 2147483647;
			files = (
				CE33B7BD2AFD3711003DD7F0 /* DebitCardPayment.swift in Sources */,
				CE33B7C32AFD3922003DD7F0 /* PaymentFactory.swift in Sources */,
				CE33B7A32AFD35FB003DD7F0 /* ViewController.swift in Sources */,
				CE33B7BB2AFD3706003DD7F0 /* CreditCardPayment.swift in Sources */,
				CE33B7BF2AFD3720003DD7F0 /* PaypalPayment.swift in Sources */,
				CE33B7B92AFD36FA003DD7F0 /* GooglePayment.swift in Sources */,
				CE33B7C12AFD38DC003DD7F0 /* TypePayment.swift in Sources */,
				CE33B79F2AFD35FB003DD7F0 /* AppDelegate.swift in Sources */,
				CE33B7B42AFD3612003DD7F0 /* Payment.swift in Sources */,
				CE33B7A12AFD35FB003DD7F0 /* SceneDelegate.swift in Sources */,
			);
			runOnlyForDeploymentPostprocessing = 0;
		};
/* End PBXSourcesBuildPhase section */

/* Begin PBXVariantGroup section */
		CE33B7A42AFD35FB003DD7F0 /* Main.storyboard */ = {
			isa = PBXVariantGroup;
			children = (
				CE33B7A52AFD35FB003DD7F0 /* Base */,
			);
			name = Main.storyboard;
			sourceTree = "<group>";
		};
		CE33B7A92AFD35FC003DD7F0 /* LaunchScreen.storyboard */ = {
			isa = PBXVariantGroup;
			children = (
				CE33B7AA2AFD35FC003DD7F0 /* Base */,
			);
			name = LaunchScreen.storyboard;
			sourceTree = "<group>";
		};
/* End PBXVariantGroup section */

/* Begin XCBuildConfiguration section */
		CE33B7AD2AFD35FC003DD7F0 /* Debug */ = {
			isa = XCBuildConfiguration;
			buildSettings = {
				ALWAYS_SEARCH_USER_PATHS = NO;
				ASSETCATALOG_COMPILER_GENERATE_SWIFT_ASSET_SYMBOL_EXTENSIONS = YES;
				CLANG_ANALYZER_NONNULL = YES;
				CLANG_ANALYZER_NUMBER_OBJECT_CONVERSION = YES_AGGRESSIVE;
				CLANG_CXX_LANGUAGE_STANDARD = "gnu++20";
				CLANG_ENABLE_MODULES = YES;
				CLANG_ENABLE_OBJC_ARC = YES;
				CLANG_ENABLE_OBJC_WEAK = YES;
				CLANG_WARN_BLOCK_CAPTURE_AUTORELEASING = YES;
				CLANG_WARN_BOOL_CONVERSION = YES;
				CLANG_WARN_COMMA = YES;
				CLANG_WARN_CONSTANT_CONVERSION = YES;
				CLANG_WARN_DEPRECATED_OBJC_IMPLEMENTATIONS = YES;
				CLANG_WARN_DIRECT_OBJC_ISA_USAGE = YES_ERROR;
				CLANG_WARN_DOCUMENTATION_COMMENTS = YES;
				CLANG_WARN_EMPTY_BODY = YES;
				CLANG_WARN_ENUM_CONVERSION = YES;
				CLANG_WARN_INFINITE_RECURSION = YES;
				CLANG_WARN_INT_CONVERSION = YES;
				CLANG_WARN_NON_LITERAL_NULL_CONVERSION = YES;
				CLANG_WARN_OBJC_IMPLICIT_RETAIN_SELF = YES;
				CLANG_WARN_OBJC_LITERAL_CONVERSION = YES;
				CLANG_WARN_OBJC_ROOT_CLASS = YES_ERROR;
				CLANG_WARN_QUOTED_INCLUDE_IN_FRAMEWORK_HEADER = YES;
				CLANG_WARN_RANGE_LOOP_ANALYSIS = YES;
				CLANG_WARN_STRICT_PROTOTYPES = YES;
				CLANG_WARN_SUSPICIOUS_MOVE = YES;
				CLANG_WARN_UNGUARDED_AVAILABILITY = YES_AGGRESSIVE;
				CLANG_WARN_UNREACHABLE_CODE = YES;
				CLANG_WARN__DUPLICATE_METHOD_MATCH = YES;
				COPY_PHASE_STRIP = NO;
				DEBUG_INFORMATION_FORMAT = dwarf;
				ENABLE_STRICT_OBJC_MSGSEND = YES;
				ENABLE_TESTABILITY = YES;
				ENABLE_USER_SCRIPT_SANDBOXING = YES;
				GCC_C_LANGUAGE_STANDARD = gnu17;
				GCC_DYNAMIC_NO_PIC = NO;
				GCC_NO_COMMON_BLOCKS = YES;
				GCC_OPTIMIZATION_LEVEL = 0;
				GCC_PREPROCESSOR_DEFINITIONS = (
					"DEBUG=1",
					"$(inherited)",
				);
				GCC_WARN_64_TO_32_BIT_CONVERSION = YES;
				GCC_WARN_ABOUT_RETURN_TYPE = YES_ERROR;
				GCC_WARN_UNDECLARED_SELECTOR = YES;
				GCC_WARN_UNINITIALIZED_AUTOS = YES_AGGRESSIVE;
				GCC_WARN_UNUSED_FUNCTION = YES;
				GCC_WARN_UNUSED_VARIABLE = YES;
				IPHONEOS_DEPLOYMENT_TARGET = 17.0;
				LOCALIZATION_PREFERS_STRING_CATALOGS = YES;
				MTL_ENABLE_DEBUG_INFO = INCLUDE_SOURCE;
				MTL_FAST_MATH = YES;
				ONLY_ACTIVE_ARCH = YES;
				SDKROOT = iphoneos;
				SWIFT_ACTIVE_COMPILATION_CONDITIONS = "DEBUG $(inherited)";
				SWIFT_OPTIMIZATION_LEVEL = "-Onone";
			};
			name = Debug;
		};
		CE33B7AE2AFD35FC003DD7F0 /* Release */ = {
			isa = XCBuildConfiguration;
			buildSettings = {
				ALWAYS_SEARCH_USER_PATHS = NO;
				ASSETCATALOG_COMPILER_GENERATE_SWIFT_ASSET_SYMBOL_EXTENSIONS = YES;
				CLANG_ANALYZER_NONNULL = YES;
				CLANG_ANALYZER_NUMBER_OBJECT_CONVERSION = YES_AGGRESSIVE;
				CLANG_CXX_LANGUAGE_STANDARD = "gnu++20";
				CLANG_ENABLE_MODULES = YES;
				CLANG_ENABLE_OBJC_ARC = YES;
				CLANG_ENABLE_OBJC_WEAK = YES;
				CLANG_WARN_BLOCK_CAPTURE_AUTORELEASING = YES;
				CLANG_WARN_BOOL_CONVERSION = YES;
				CLANG_WARN_COMMA = YES;
				CLANG_WARN_CONSTANT_CONVERSION = YES;
				CLANG_WARN_DEPRECATED_OBJC_IMPLEMENTATIONS = YES;
				CLANG_WARN_DIRECT_OBJC_ISA_USAGE = YES_ERROR;
				CLANG_WARN_DOCUMENTATION_COMMENTS = YES;
				CLANG_WARN_EMPTY_BODY = YES;
				CLANG_WARN_ENUM_CONVERSION = YES;
				CLANG_WARN_INFINITE_RECURSION = YES;
				CLANG_WARN_INT_CONVERSION = YES;
				CLANG_WARN_NON_LITERAL_NULL_CONVERSION = YES;
				CLANG_WARN_OBJC_IMPLICIT_RETAIN_SELF = YES;
				CLANG_WARN_OBJC_LITERAL_CONVERSION = YES;
				CLANG_WARN_OBJC_ROOT_CLASS = YES_ERROR;
				CLANG_WARN_QUOTED_INCLUDE_IN_FRAMEWORK_HEADER = YES;
				CLANG_WARN_RANGE_LOOP_ANALYSIS = YES;
				CLANG_WARN_STRICT_PROTOTYPES = YES;
				CLANG_WARN_SUSPICIOUS_MOVE = YES;
				CLANG_WARN_UNGUARDED_AVAILABILITY = YES_AGGRESSIVE;
				CLANG_WARN_UNREACHABLE_CODE = YES;
				CLANG_WARN__DUPLICATE_METHOD_MATCH = YES;
				COPY_PHASE_STRIP = NO;
				DEBUG_INFORMATION_FORMAT = "dwarf-with-dsym";
				ENABLE_NS_ASSERTIONS = NO;
				ENABLE_STRICT_OBJC_MSGSEND = YES;
				ENABLE_USER_SCRIPT_SANDBOXING = YES;
				GCC_C_LANGUAGE_STANDARD = gnu17;
				GCC_NO_COMMON_BLOCKS = YES;
				GCC_WARN_64_TO_32_BIT_CONVERSION = YES;
				GCC_WARN_ABOUT_RETURN_TYPE = YES_ERROR;
				GCC_WARN_UNDECLARED_SELECTOR = YES;
				GCC_WARN_UNINITIALIZED_AUTOS = YES_AGGRESSIVE;
				GCC_WARN_UNUSED_FUNCTION = YES;
				GCC_WARN_UNUSED_VARIABLE = YES;
				IPHONEOS_DEPLOYMENT_TARGET = 17.0;
				LOCALIZATION_PREFERS_STRING_CATALOGS = YES;
				MTL_ENABLE_DEBUG_INFO = NO;
				MTL_FAST_MATH = YES;
				SDKROOT = iphoneos;
				SWIFT_COMPILATION_MODE = wholemodule;
				VALIDATE_PRODUCT = YES;
			};
			name = Release;
		};
		CE33B7B02AFD35FC003DD7F0 /* Debug */ = {
			isa = XCBuildConfiguration;
			buildSettings = {
				ASSETCATALOG_COMPILER_APPICON_NAME = AppIcon;
				ASSETCATALOG_COMPILER_GLOBAL_ACCENT_COLOR_NAME = AccentColor;
				CODE_SIGN_STYLE = Automatic;
				CURRENT_PROJECT_VERSION = 1;
				DEVELOPMENT_TEAM = Q3LSZHWPFU;
				GENERATE_INFOPLIST_FILE = YES;
				INFOPLIST_FILE = DesignPatters/Info.plist;
				INFOPLIST_KEY_UIApplicationSupportsIndirectInputEvents = YES;
				INFOPLIST_KEY_UILaunchStoryboardName = LaunchScreen;
				INFOPLIST_KEY_UIMainStoryboardFile = Main;
				INFOPLIST_KEY_UISupportedInterfaceOrientations_iPad = "UIInterfaceOrientationPortrait UIInterfaceOrientationPortraitUpsideDown UIInterfaceOrientationLandscapeLeft UIInterfaceOrientationLandscapeRight";
				INFOPLIST_KEY_UISupportedInterfaceOrientations_iPhone = "UIInterfaceOrientationPortrait UIInterfaceOrientationLandscapeLeft UIInterfaceOrientationLandscapeRight";
				LD_RUNPATH_SEARCH_PATHS = (
					"$(inherited)",
					"@executable_path/Frameworks",
				);
				MARKETING_VERSION = 1.0;
				PRODUCT_BUNDLE_IDENTIFIER = com.yenniferhurtado.DesignPatters;
				PRODUCT_NAME = "$(TARGET_NAME)";
				SWIFT_EMIT_LOC_STRINGS = YES;
				SWIFT_VERSION = 5.0;
				TARGETED_DEVICE_FAMILY = "1,2";
			};
			name = Debug;
		};
		CE33B7B12AFD35FC003DD7F0 /* Release */ = {
			isa = XCBuildConfiguration;
			buildSettings = {
				ASSETCATALOG_COMPILER_APPICON_NAME = AppIcon;
				ASSETCATALOG_COMPILER_GLOBAL_ACCENT_COLOR_NAME = AccentColor;
				CODE_SIGN_STYLE = Automatic;
				CURRENT_PROJECT_VERSION = 1;
				DEVELOPMENT_TEAM = Q3LSZHWPFU;
				GENERATE_INFOPLIST_FILE = YES;
				INFOPLIST_FILE = DesignPatters/Info.plist;
				INFOPLIST_KEY_UIApplicationSupportsIndirectInputEvents = YES;
				INFOPLIST_KEY_UILaunchStoryboardName = LaunchScreen;
				INFOPLIST_KEY_UIMainStoryboardFile = Main;
				INFOPLIST_KEY_UISupportedInterfaceOrientations_iPad = "UIInterfaceOrientationPortrait UIInterfaceOrientationPortraitUpsideDown UIInterfaceOrientationLandscapeLeft UIInterfaceOrientationLandscapeRight";
				INFOPLIST_KEY_UISupportedInterfaceOrientations_iPhone = "UIInterfaceOrientationPortrait UIInterfaceOrientationLandscapeLeft UIInterfaceOrientationLandscapeRight";
				LD_RUNPATH_SEARCH_PATHS = (
					"$(inherited)",
					"@executable_path/Frameworks",
				);
				MARKETING_VERSION = 1.0;
				PRODUCT_BUNDLE_IDENTIFIER = com.yenniferhurtado.DesignPatters;
				PRODUCT_NAME = "$(TARGET_NAME)";
				SWIFT_EMIT_LOC_STRINGS = YES;
				SWIFT_VERSION = 5.0;
				TARGETED_DEVICE_FAMILY = "1,2";
			};
			name = Release;
		};
/* End XCBuildConfiguration section */

/* Begin XCConfigurationList section */
		CE33B7962AFD35FB003DD7F0 /* Build configuration list for PBXProject "DesignPatters" */ = {
			isa = XCConfigurationList;
			buildConfigurations = (
				CE33B7AD2AFD35FC003DD7F0 /* Debug */,
				CE33B7AE2AFD35FC003DD7F0 /* Release */,
			);
			defaultConfigurationIsVisible = 0;
			defaultConfigurationName = Release;
		};
		CE33B7AF2AFD35FC003DD7F0 /* Build configuration list for PBXNativeTarget "DesignPatters" */ = {
			isa = XCConfigurationList;
			buildConfigurations = (
				CE33B7B02AFD35FC003DD7F0 /* Debug */,
				CE33B7B12AFD35FC003DD7F0 /* Release */,
			);
			defaultConfigurationIsVisible = 0;
			defaultConfigurationName = Release;
		};
/* End XCConfigurationList section */
	};
	rootObject = CE33B7932AFD35FB003DD7F0 /* Project object */;
}
